
Microsoft Visual Studio Solution File, Format Version 12.00
# Visual Studio Version 17
VisualStudioVersion = 17.5.002.0
MinimumVisualStudioVersion = 10.0.40219.1
Project("{9A19103F-16F7-4668-BE54-9A1E7A4F7556}") = "DevicesApi", "DevicesApi.csproj", "{1D4ADAE1-BE4F-4415-A80E-BDF248EE4439}"
EndProject
Global
	GlobalSection(SolutionConfigurationPlatforms) = preSolution
		Debug|Any CPU = Debug|Any CPU
		Release|Any CPU = Release|Any CPU
	EndGlobalSection
	GlobalSection(ProjectConfigurationPlatforms) = postSolution
		{1D4ADAE1-BE4F-4415-A80E-BDF248EE4439}.Debug|Any CPU.ActiveCfg = Debug|Any CPU
		{1D4ADAE1-BE4F-4415-A80E-BDF248EE4439}.Debug|Any CPU.Build.0 = Debug|Any CPU
		{1D4ADAE1-BE4F-4415-A80E-BDF248EE4439}.Release|Any CPU.ActiveCfg = Release|Any CPU
		{1D4ADAE1-BE4F-4415-A80E-BDF248EE4439}.Release|Any CPU.Build.0 = Release|Any CPU
	EndGlobalSection
	GlobalSection(SolutionProperties) = preSolution
		HideSolutionNode = FALSE
	EndGlobalSection
	GlobalSection(ExtensibilityGlobals) = postSolution
		SolutionGuid = {14BF7757-9082-4561-B606-9C4B825B966A}
	EndGlobalSection
EndGlobal
